
Microsoft Visual Studio Solution File, Format Version 12.00
# Visual Studio Version 17
VisualStudioVersion = 17.6.33829.357
MinimumVisualStudioVersion = 10.0.40219.1
Project("{FAE04EC0-301F-11D3-BF4B-00C04F79EFBC}") = "MyStore_G5", "MyStore_G5.csproj", "{A0DA3157-BE3B-4C87-9FB1-E9F4F421DF72}"
EndProject
Global
	GlobalSection(SolutionConfigurationPlatforms) = preSolution
		Debug|Any CPU = Debug|Any CPU
		Release|Any CPU = Release|Any CPU
	EndGlobalSection
	GlobalSection(ProjectConfigurationPlatforms) = postSolution
		{A0DA3157-BE3B-4C87-9FB1-E9F4F421DF72}.Debug|Any CPU.ActiveCfg = Debug|Any CPU
		{A0DA3157-BE3B-4C87-9FB1-E9F4F421DF72}.Debug|Any CPU.Build.0 = Debug|Any CPU
		{A0DA3157-BE3B-4C87-9FB1-E9F4F421DF72}.Release|Any CPU.ActiveCfg = Release|Any CPU
		{A0DA3157-BE3B-4C87-9FB1-E9F4F421DF72}.Release|Any CPU.Build.0 = Release|Any CPU
	EndGlobalSection
	GlobalSection(SolutionProperties) = preSolution
		HideSolutionNode = FALSE
	EndGlobalSection
	GlobalSection(ExtensibilityGlobals) = postSolution
		SolutionGuid = {CE7AB226-7BBC-4ACC-A5AD-C9D7C062BEE7}
	EndGlobalSection
EndGlobal
